<?xml version="1.0" encoding="UTF-8" standalone="yes" ?>
<CodeBlocks_project_file>
	<FileVersion major="1" minor="6" />
	<Project>
		<Option title="ARCHGAME" />
		<Option pch_mode="2" />
		<Option compiler="gcc" />
		<Build>
			<Target title="Debug">
				<Option output="bin/Debug/ARCHGAME" prefix_auto="1" extension_auto="1" />
				<Option object_output="obj/Debug/" />
				<Option type="1" />
				<Option compiler="gcc" />
				<Compiler>
					<Add option="-g" />
					<Add directory="include" />
				</Compiler>
			</Target>
			<Target title="Release">
				<Option output="bin/Release/ARCHGAME" prefix_auto="1" extension_auto="1" />
				<Option object_output="obj/Release/" />
				<Option type="1" />
				<Option compiler="gcc" />
				<Compiler>
					<Add option="-O2" />
					<Add option="-std=c++11" />
					<Add directory="../../../../../SFML/include" />
					<Add directory="../../../../../Box2D_v2.3.1" />
					<Add directory="include" />
				</Compiler>
				<Linker>
					<Add option="-s" />
					<Add library="..\..\..\..\..\Box2D_v2.3.1\Build\Box2D\libBox2D.a" />
					<Add library="..\..\..\..\..\SFML\lib\libsfml-graphics.a" />
					<Add library="..\..\..\..\..\SFML\lib\libsfml-window.a" />
					<Add library="..\..\..\..\..\SFML\lib\libsfml-system.a" />
					<Add directory="../../../../../Box2D_v2.3.1/Box2D" />
					<Add directory="../../../../../SFML/lib" />
					<Add directory="../../../../../SFML/bin" />
				</Linker>
			</Target>
		</Build>
		<Compiler>
			<Add option="-std=c++11" />
			<Add option="-Wall" />
			<Add option="-fexceptions" />
			<Add directory="../../../../../Box2D_v2.3.1" />
			<Add directory="../../../../../SFML/include" />
		</Compiler>
		<Linker>
			<Add library="..\..\..\..\..\Box2D_v2.3.1\Build\Box2D\libBox2D.a" />
			<Add library="..\..\..\..\..\SFML\lib\libsfml-system.a" />
			<Add library="..\..\..\..\..\SFML\lib\libsfml-graphics.a" />
			<Add library="..\..\..\..\..\SFML\lib\libsfml-window.a" />
		</Linker>
		<Unit filename="include/AccelerateAction.h" />
		<Unit filename="include/Action.h" />
		<Unit filename="include/ActorEntity.h" />
		<Unit filename="include/BrakeAction.h" />
		<Unit filename="include/EntitySpawner.h" />
		<Unit filename="include/Game.h" />
		<Unit filename="include/GameController.h" />
		<Unit filename="include/GameMap.h" />
		<Unit filename="include/GraphicsComponent.h" />
		<Unit filename="include/InputComponent.h" />
		<Unit filename="include/ObjectEntity.h" />
		<Unit filename="include/PhysicsComponent.h" />
		<Unit filename="include/RotateLeftAction.h" />
		<Unit filename="include/RotateRightAction.h" />
		<Unit filename="include/SpriteBatcher.h" />
		<Unit filename="include/batch.h" />
		<Unit filename="include/camera.h" />
		<Unit filename="include/entity.h" />
		<Unit filename="include/json/json-forwards.h" />
		<Unit filename="include/json/json.h" />
		<Unit filename="include/level.h" />
		<Unit filename="include/playerInputComponent.h" />
		<Unit filename="main.cpp" />
		<Unit filename="src/AccelerateAction.cpp" />
		<Unit filename="src/Action.cpp" />
		<Unit filename="src/ActorEntity.cpp" />
		<Unit filename="src/BrakeAction.cpp" />
		<Unit filename="src/EntitySpawner.cpp" />
		<Unit filename="src/Game.cpp" />
		<Unit filename="src/GameController.cpp" />
		<Unit filename="src/GameMap.cpp" />
		<Unit filename="src/GraphicsComponent.cpp" />
		<Unit filename="src/InputComponent.cpp" />
		<Unit filename="src/ObjectEntity.cpp" />
		<Unit filename="src/PhysicsComponent.cpp" />
		<Unit filename="src/RotateLeftAction.cpp" />
		<Unit filename="src/RotateRightAction.cpp" />
		<Unit filename="src/SpriteBatcher.cpp" />
		<Unit filename="src/batch.cpp" />
		<Unit filename="src/camera.cpp" />
		<Unit filename="src/entity.cpp" />
		<Unit filename="src/jsoncpp.cpp" />
		<Unit filename="src/level.cpp" />
		<Unit filename="src/playerInputComponent.cpp" />
		<Extensions>
			<code_completion />
			<envvars />
			<debugger />
		</Extensions>
	</Project>
</CodeBlocks_project_file>
